{
  "lockfile_version": "1",
  "packages": {
    "gh@latest": {
      "last_modified": "2026-08-27T07:16:00Z",
      "resolved": "github:NixOS/nixpkgs/c27cdad491a991b11ed731760aa2ef8db0cb0410#gh",
      "source": "devbox-search",
      "version": "2.98.0",
      "systems": {
        "aarch64-darwin": {
          "outputs": [
            {
              "name": "out",
              "path": "/nix/store/y81ibbw74n6mskwsh54hnvwblkw33yzb-gh-2.98.0",
              "default": true
            }
          ],
          "store_path": "/nix/store/y81ibbw74n6mskwsh54hnvwblkw33yzb-gh-2.98.0"
        },
        "aarch64-linux": {
          "outputs": [
            {
              "name": "out",
              "path": "/nix/store/j5mb4f9a0vbi5r89i00f548z0y5j1kp7-gh-2.98.0",
              "default": true
            }
          ],
          "store_path": "/nix/store/j5mb4f9a0vbi5r89i00f548z0y5j1kp7-gh-2.98.0"
        },
        "x86_64-linux": {
          "outputs": [
            {
              "name": "out",
              "path": "/nix/store/dpiajg8vgzpaq74jc79j01fd5bja3cik-gh-2.98.0",
              "default": true
            }
          ],
          "store_path": "/nix/store/dpiajg8vgzpaq74jc79j01fd5bja3cik-gh-2.98.0"
        }
      }
    },
    "github:NixOS/nixpkgs/nixpkgs-unstable": {
      "last_modified": "2026-08-29T00:50:12Z",
      "resolved": "github:NixOS/nixpkgs/e8be7818e19ada32105a8af937a6a473b38167ca?lastModified=1787964612"
    },
    "go@1.25": {
      "last_modified": "2026-08-27T07:16:00Z",
      "resolved": "github:NixOS/nixpkgs/c27cdad491a991b11ed731760aa2ef8db0cb0410#go_1_25",
      "source": "devbox-search",
      "version": "1.25.13",
      "systems": {
        "aarch64-darwin": {
          "outputs": [
            {
              "name": "out",
              "path": "/nix/store/dnd1yyqpzcgir4vmrcmydgnhqagn7zxc-go-1.25.13",
              "default": true
            }
          ],
          "store_path": "/nix/store/dnd1yyqpzcgir4vmrcmydgnhqagn7zxc-go-1.25.13"
        },
        "aarch64-linux": {
          "outputs": [
            {
              "name": "out",
              "path": "/nix/store/cdq0v84vknlmyhc7cgg3ns2zgj8sgf3l-go-1.25.13",
              "default": true
            }
          ],
          "store_path": "/nix/store/cdq0v84vknlmyhc7cgg3ns2zgj8sgf3l-go-1.25.13"
        },
        "x86_64-linux": {
          "outputs": [
            {
              "name": "out",
              "path": "/nix/store/zic5di27bny5jznxk2i8zxxhlk577yxm-go-1.25.13",
              "default": true
            }
          ],
          "store_path": "/nix/store/zic5di27bny5jznxk2i8zxxhlk577yxm-go-1.25.13"
        }
      }
    },
    "golangci-lint@latest": {
      "last_modified": "2026-08-27T07:16:00Z",
      "resolved": "github:NixOS/nixpkgs/c27cdad491a991b11ed731760aa2ef8db0cb0410#golangci-lint",
      "source": "devbox-search",
      "version": "2.13.1",
      "systems": {
        "aarch64-darwin": {
          "outputs": [
            {
              "name": "out",
              "path": "/nix/store/vyl94dsc8a2vfpx0h9hs3ls3w9hfcyfa-golangci-lint-2.13.1",
              "default": true
            }
          ],
          "store_path": "/nix/store/vyl94dsc8a2vfpx0h9hs3ls3w9hfcyfa-golangci-lint-2.13.1"
        },
        "aarch64-linux": {
          "outputs": [
            {
              "name": "out",
              "path": "/nix/store/zg1nnbiiaiq65v0h4b22hqlqpqa8ja0j-golangci-lint-2.13.1",
              "default": true
            }
          ],
          "store_path": "/nix/store/zg1nnbiiaiq65v0h4b22hqlqpqa8ja0j-golangci-lint-2.13.1"
        },
        "x86_64-linux": {
          "outputs": [
            {
              "name": "out",
              "path": "/nix/store/sqm80s7p5kx9j4ia19rw3jy41ajx1v73-golangci-lint-2.13.1",
              "default": true
            }
          ],
          "store_path": "/nix/store/sqm80s7p5kx9j4ia19rw3jy41ajx1v73-golangci-lint-2.13.1"
        }
      }
    },
    "gopls@latest": {
      "last_modified": "2026-08-27T07:16:00Z",
      "resolved": "github:NixOS/nixpkgs/c27cdad491a991b11ed731760aa2ef8db0cb0410#gopls",
      "source": "devbox-search",
      "version": "0.23.0",
      "systems": {
        "aarch64-darwin": {
          "outputs": [
            {
              "name": "out",
              "path": "/nix/store/rdj83cx04c687hnqm6hmhh6yccgfsq7m-gopls-0.23.0",
              "default": true
            }
          ],
          "store_path": "/nix/store/rdj83cx04c687hnqm6hmhh6yccgfsq7m-gopls-0.23.0"
        },
        "aarch64-linux": {
          "outputs": [
            {
              "name": "out",
              "path": "/nix/store/lggc2bw3dm0m738q8jbs7dpf1gcchq4d-gopls-0.23.0",
              "default": true
            }
          ],
          "store_path": "/nix/store/lggc2bw3dm0m738q8jbs7dpf1gcchq4d-gopls-0.23.0"
        },
        "x86_64-linux": {
          "outputs": [
            {
              "name": "out",
              "path": "/nix/store/5k1i3qkaaxpp5kj3h4fn7csvn1a5xzg3-gopls-0.23.0",
              "default": true
            }
          ],
          "store_path": "/nix/store/5k1i3qkaaxpp5kj3h4fn7csvn1a5xzg3-gopls-0.23.0"
        }
      }
    },
    "goreleaser@latest": {
      "last_modified": "2026-08-27T07:16:00Z",
      "resolved": "github:NixOS/nixpkgs/c27cdad491a991b11ed731760aa2ef8db0cb0410#goreleaser",
      "source": "devbox-search",
      "version": "2.17.1",
      "systems": {
        "aarch64-darwin": {
          "outputs": [
            {
              "name": "out",
              "path": "/nix/store/brivs7pzf0y50f9k6ma06336smgx85f2-goreleaser-2.17.1",
              "default": true
            }
          ],
          "store_path": "/nix/store/brivs7pzf0y50f9k6ma06336smgx85f2-goreleaser-2.17.1"
        },
        "aarch64-linux": {
          "outputs": [
            {
              "name": "out",
              "path": "/nix/store/b7wgnz8kxzaglnxwrixch6hxy0zbl0nf-goreleaser-2.17.1",
              "default": true
            }
          ],
          "store_path": "/nix/store/b7wgnz8kxzaglnxwrixch6hxy0zbl0nf-goreleaser-2.17.1"
        },
        "x86_64-linux": {
          "outputs": [
            {
              "name": "out",
              "path": "/nix/store/452hvj253c9fvz35n4j8lal7s46l8i04-goreleaser-2.17.1",
              "default": true
            }
          ],
          "store_path": "/nix/store/452hvj253c9fvz35n4j8lal7s46l8i04-goreleaser-2.17.1"
        }
      }
    },
    "govulncheck@latest": {
      "last_modified": "2026-08-27T07:16:00Z",
      "resolved": "github:NixOS/nixpkgs/c27cdad491a991b11ed731760aa2ef8db0cb0410#govulncheck",
      "source": "devbox-search",
      "version": "1.7.0",
      "systems": {
        "aarch64-darwin": {
          "outputs": [
            {
              "name": "out",
              "path": "/nix/store/rigr4zbr5xczyycbz76hmiqz2v650s9q-govulncheck-1.7.0",
              "default": true
            }
          ],
          "store_path": "/nix/store/rigr4zbr5xczyycbz76hmiqz2v650s9q-govulncheck-1.7.0"
        },
        "aarch64-linux": {
          "outputs": [
            {
              "name": "out",
              "path": "/nix/store/s4zgzcjf0xsfs9mrirk66gdy91lxch55-govulncheck-1.7.0",
              "default": true
            }
          ],
          "store_path": "/nix/store/s4zgzcjf0xsfs9mrirk66gdy91lxch55-govulncheck-1.7.0"
        },
        "x86_64-linux": {
          "outputs": [
            {
              "name": "out",
              "path": "/nix/store/lsgfcdhc8a1cs3648znln0rc9rkmci5j-govulncheck-1.7.0",
              "default": true
            }
          ],
          "store_path": "/nix/store/lsgfcdhc8a1cs3648znln0rc9rkmci5j-govulncheck-1.7.0"
        }
      }
    },
    "just-lsp@latest": {
      "last_modified": "2026-08-27T07:16:00Z",
      "resolved": "github:NixOS/nixpkgs/c27cdad491a991b11ed731760aa2ef8db0cb0410#just-lsp",
      "source": "devbox-search",
      "version": "0.6.2",
      "systems": {
        "aarch64-darwin": {
          "outputs": [
            {
              "name": "out",
              "path": "/nix/store/r7c1mv8mjm65fdn48sdm3f6wmrwmf5l6-just-lsp-0.6.2",
              "default": true
            }
          ],
          "store_path": "/nix/store/r7c1mv8mjm65fdn48sdm3f6wmrwmf5l6-just-lsp-0.6.2"
        },
        "aarch64-linux": {
          "outputs": [
            {
              "name": "out",
              "path": "/nix/store/rfxfvbygljg67nacgynjrgkr5wzmj27d-just-lsp-0.6.2",
              "default": true
            }
          ],
          "store_path": "/nix/store/rfxfvbygljg67nacgynjrgkr5wzmj27d-just-lsp-0.6.2"
        },
        "x86_64-linux": {
          "outputs": [
            {
              "name": "out",
              "path": "/nix/store/8wxajvj3jlyl5f2xb81ynwz88w8kcamf-just-lsp-0.6.2",
              "default": true
            }
          ],
          "store_path": "/nix/store/8wxajvj3jlyl5f2xb81ynwz88w8kcamf-just-lsp-0.6.2"
        }
      }
    },
    "just@latest": {
      "last_modified": "2026-08-27T07:16:00Z",
      "resolved": "github:NixOS/nixpkgs/c27cdad491a991b11ed731760aa2ef8db0cb0410#just",
      "source": "devbox-search",
      "version": "1.58.0",
      "systems": {
        "aarch64-darwin": {
          "outputs": [
            {
              "name": "out",
              "path": "/nix/store/ank1rvxdg1r21v885zm7k8q2sqx285x5-just-1.58.0",
              "default": true
            },
            {
              "name": "man",
              "path": "/nix/store/z01s84l6hcxqpww7fsy4kahfilrsxp9f-just-1.58.0-man",
              "default": true
            },
            {
              "name": "doc",
              "path": "/nix/store/vz523mpwxiavavi83l6fh1g8i83s5agd-just-1.58.0-doc"
            }
          ],
          "store_path": "/nix/store/ank1rvxdg1r21v885zm7k8q2sqx285x5-just-1.58.0"
        },
        "aarch64-linux": {
          "outputs": [
            {
              "name": "out",
              "path": "/nix/store/byn68yph58ab2fa3jbbp014nigxmqsap-just-1.58.0",
              "default": true
            },
            {
              "name": "man",
              "path": "/nix/store/34mnxpqp459m210akn6lp0ay2bxfnnlf-just-1.58.0-man",
              "default": true
            },
            {
              "name": "doc",
              "path": "/nix/store/a2jv2k0g7vjvwwgzbgrlrynpq5cpvqj3-just-1.58.0-doc"
            }
          ],
          "store_path": "/nix/store/byn68yph58ab2fa3jbbp014nigxmqsap-just-1.58.0"
        },
        "x86_64-linux": {
          "outputs": [
            {
              "name": "out",
              "path": "/nix/store/z4czsax3mdyxx77mwb0yjarnzb1rip00-just-1.58.0",
              "default": true
            },
            {
              "name": "man",
              "path": "/nix/store/glg48g04x9bdibq3ylr69jz130lwdhbr-just-1.58.0-man",
              "default": true
            },
            {
              "name": "doc",
              "path": "/nix/store/nfnqh8gnsy9lv1ppmc5vzpf4zvkxcwqc-just-1.58.0-doc"
            }
          ],
          "store_path": "/nix/store/z4czsax3mdyxx77mwb0yjarnzb1rip00-just-1.58.0"
        }
      }
    },
    "pulumi-bin@latest": {
      "last_modified": "2026-08-27T07:16:00Z",
      "resolved": "github:NixOS/nixpkgs/c27cdad491a991b11ed731760aa2ef8db0cb0410#pulumi-bin",
      "source": "devbox-search",
      "version": "3.258.0",
      "systems": {
        "aarch64-darwin": {
          "outputs": [
            {
              "name": "out",
              "path": "/nix/store/l35frzssnvcx61y9n7qv3aah68vdbcxl-pulumi-3.258.0",
              "default": true
            }
          ],
          "store_path": "/nix/store/l35frzssnvcx61y9n7qv3aah68vdbcxl-pulumi-3.258.0"
        },
        "aarch64-linux": {
          "outputs": [
            {
              "name": "out",
              "path": "/nix/store/bk3b1418dkpas4ci2wj5wylmidnz46k9-pulumi-3.258.0",
              "default": true
            }
          ],
          "store_path": "/nix/store/bk3b1418dkpas4ci2wj5wylmidnz46k9-pulumi-3.258.0"
        },
        "x86_64-linux": {
          "outputs": [
            {
              "name": "out",
              "path": "/nix/store/gdyv8hgx02mgf08vwwvgfh6yq1is2rkh-pulumi-3.258.0",
              "default": true
            }
          ],
          "store_path": "/nix/store/gdyv8hgx02mgf08vwwvgfh6yq1is2rkh-pulumi-3.258.0"
        }
      }
    },
    "pulumictl@latest": {
      "last_modified": "2026-08-27T07:16:00Z",
      "resolved": "github:NixOS/nixpkgs/c27cdad491a991b11ed731760aa2ef8db0cb0410#pulumictl",
      "source": "devbox-search",
      "version": "0.0.50",
      "systems": {
        "aarch64-darwin": {
          "outputs": [
            {
              "name": "out",
              "path": "/nix/store/6jp3p7qgsjm5gp4rsgccss34qik8zli9-pulumictl-0.0.50",
              "default": true
            }
          ],
          "store_path": "/nix/store/6jp3p7qgsjm5gp4rsgccss34qik8zli9-pulumictl-0.0.50"
        },
        "aarch64-linux": {
          "outputs": [
            {
              "name": "out",
              "path": "/nix/store/1g6sdq7911gl7xg7qrrj1v3qxkb7wxbh-pulumictl-0.0.50",
              "default": true
            }
          ],
          "store_path": "/nix/store/1g6sdq7911gl7xg7qrrj1v3qxkb7wxbh-pulumictl-0.0.50"
        },
        "x86_64-darwin": {
          "outputs": [
            {
              "name": "out",
              "path": "/nix/store/k9s339l8mazpwb4psijpjx6r0v2nppaz-pulumictl-0.0.50",
              "default": true
            }
          ],
          "store_path": "/nix/store/k9s339l8mazpwb4psijpjx6r0v2nppaz-pulumictl-0.0.50"
        },
        "x86_64-linux": {
          "outputs": [
            {
              "name": "out",
              "path": "/nix/store/kh8mmgrkcvy27nxpbvl84p7wdr639693-pulumictl-0.0.50",
              "default": true
            }
          ],
          "store_path": "/nix/store/kh8mmgrkcvy27nxpbvl84p7wdr639693-pulumictl-0.0.50"
        }
      }
    }
  }
}
