{
  "lockfile_version": "1",
  "packages": {
    "gh@latest": {
      "last_modified": "2026-07-08T21:13:06Z",
      "resolved": "github:NixOS/nixpkgs/389ed85304b281ca7f306cf8a1eb4378651ca44e#gh",
      "source": "devbox-search",
      "version": "2.96.0",
      "systems": {
        "aarch64-darwin": {
          "outputs": [
            {
              "name": "out",
              "path": "/nix/store/5m3slxi84h97r5hzmy4dhfksl9cc166a-gh-2.96.0",
              "default": true
            }
          ],
          "store_path": "/nix/store/5m3slxi84h97r5hzmy4dhfksl9cc166a-gh-2.96.0"
        },
        "aarch64-linux": {
          "outputs": [
            {
              "name": "out",
              "path": "/nix/store/85s40vacs1ajn0x7b3vszvlqwnflh0dq-gh-2.96.0",
              "default": true
            }
          ],
          "store_path": "/nix/store/85s40vacs1ajn0x7b3vszvlqwnflh0dq-gh-2.96.0"
        },
        "x86_64-darwin": {
          "outputs": [
            {
              "name": "out",
              "path": "/nix/store/waa7fl1d466lkihg89p60iisjwynyfb7-gh-2.96.0",
              "default": true
            }
          ],
          "store_path": "/nix/store/waa7fl1d466lkihg89p60iisjwynyfb7-gh-2.96.0"
        },
        "x86_64-linux": {
          "outputs": [
            {
              "name": "out",
              "path": "/nix/store/fz2h6h3cgw645ighi31zdjwbkdzmaav7-gh-2.96.0",
              "default": true
            }
          ],
          "store_path": "/nix/store/fz2h6h3cgw645ighi31zdjwbkdzmaav7-gh-2.96.0"
        }
      }
    },
    "github:NixOS/nixpkgs/nixpkgs-unstable": {
      "last_modified": "2026-07-19T09:25:00Z",
      "resolved": "github:NixOS/nixpkgs/b471514bed69eff5255c8e63c1f80e5fe56c616f?lastModified=1784453100"
    },
    "go@1.25": {
      "last_modified": "2026-07-08T21:13:06Z",
      "resolved": "github:NixOS/nixpkgs/389ed85304b281ca7f306cf8a1eb4378651ca44e#go_1_25",
      "source": "devbox-search",
      "version": "1.25.12",
      "systems": {
        "aarch64-darwin": {
          "outputs": [
            {
              "name": "out",
              "path": "/nix/store/p9vdzv1bql0q0pjd03x77cya16agl26r-go-1.25.12",
              "default": true
            }
          ],
          "store_path": "/nix/store/p9vdzv1bql0q0pjd03x77cya16agl26r-go-1.25.12"
        },
        "aarch64-linux": {
          "outputs": [
            {
              "name": "out",
              "path": "/nix/store/k16b1rsl2q46bpk5vn2rm9pzwxkmycy1-go-1.25.12",
              "default": true
            }
          ],
          "store_path": "/nix/store/k16b1rsl2q46bpk5vn2rm9pzwxkmycy1-go-1.25.12"
        },
        "x86_64-darwin": {
          "outputs": [
            {
              "name": "out",
              "path": "/nix/store/ln0pvxvjl0mmqgf2qlia6963q21z19vb-go-1.25.12",
              "default": true
            }
          ],
          "store_path": "/nix/store/ln0pvxvjl0mmqgf2qlia6963q21z19vb-go-1.25.12"
        },
        "x86_64-linux": {
          "outputs": [
            {
              "name": "out",
              "path": "/nix/store/0vkrf5aa9r62v25m5d922xsmc7f2z81w-go-1.25.12",
              "default": true
            }
          ],
          "store_path": "/nix/store/0vkrf5aa9r62v25m5d922xsmc7f2z81w-go-1.25.12"
        }
      }
    },
    "golangci-lint@latest": {
      "last_modified": "2026-07-08T21:13:06Z",
      "resolved": "github:NixOS/nixpkgs/389ed85304b281ca7f306cf8a1eb4378651ca44e#golangci-lint",
      "source": "devbox-search",
      "version": "2.12.2",
      "systems": {
        "aarch64-darwin": {
          "outputs": [
            {
              "name": "out",
              "path": "/nix/store/ml47a2mby38y5wmi1i9gh0ab27wvyrmg-golangci-lint-2.12.2",
              "default": true
            }
          ],
          "store_path": "/nix/store/ml47a2mby38y5wmi1i9gh0ab27wvyrmg-golangci-lint-2.12.2"
        },
        "aarch64-linux": {
          "outputs": [
            {
              "name": "out",
              "path": "/nix/store/c9pfd5glmjlls9miydsn4vqr6dd5r6mv-golangci-lint-2.12.2",
              "default": true
            }
          ],
          "store_path": "/nix/store/c9pfd5glmjlls9miydsn4vqr6dd5r6mv-golangci-lint-2.12.2"
        },
        "x86_64-darwin": {
          "outputs": [
            {
              "name": "out",
              "path": "/nix/store/w8c3i6vmxnnj0xixvjsa9lva3rcd2rvs-golangci-lint-2.12.2",
              "default": true
            }
          ],
          "store_path": "/nix/store/w8c3i6vmxnnj0xixvjsa9lva3rcd2rvs-golangci-lint-2.12.2"
        },
        "x86_64-linux": {
          "outputs": [
            {
              "name": "out",
              "path": "/nix/store/s37vfcmi4cgni6piw2rp2jd0kqdqvzr1-golangci-lint-2.12.2",
              "default": true
            }
          ],
          "store_path": "/nix/store/s37vfcmi4cgni6piw2rp2jd0kqdqvzr1-golangci-lint-2.12.2"
        }
      }
    },
    "gopls@latest": {
      "last_modified": "2026-07-11T07:21:12Z",
      "resolved": "github:NixOS/nixpkgs/770b9bbb84018993c8f009d437fff6c2e3077037#gopls",
      "source": "devbox-search",
      "version": "0.23.0",
      "systems": {
        "aarch64-darwin": {
          "outputs": [
            {
              "name": "out",
              "path": "/nix/store/h9jkiwslg9r1gi61nkg4w6z7ldwj4jpj-gopls-0.23.0",
              "default": true
            }
          ],
          "store_path": "/nix/store/h9jkiwslg9r1gi61nkg4w6z7ldwj4jpj-gopls-0.23.0"
        },
        "aarch64-linux": {
          "outputs": [
            {
              "name": "out",
              "path": "/nix/store/zsdl37z2a1r9c95m6mj1rzx80h9s9kgg-gopls-0.23.0",
              "default": true
            }
          ],
          "store_path": "/nix/store/zsdl37z2a1r9c95m6mj1rzx80h9s9kgg-gopls-0.23.0"
        },
        "x86_64-linux": {
          "outputs": [
            {
              "name": "out",
              "path": "/nix/store/1vgg94l8hv1r4z7vr0alzfmr1lya4pzz-gopls-0.23.0",
              "default": true
            }
          ],
          "store_path": "/nix/store/1vgg94l8hv1r4z7vr0alzfmr1lya4pzz-gopls-0.23.0"
        }
      }
    },
    "goreleaser@latest": {
      "last_modified": "2026-07-08T21:13:06Z",
      "resolved": "github:NixOS/nixpkgs/389ed85304b281ca7f306cf8a1eb4378651ca44e#goreleaser",
      "source": "devbox-search",
      "version": "2.17.0",
      "systems": {
        "aarch64-darwin": {
          "outputs": [
            {
              "name": "out",
              "path": "/nix/store/2p4izvvrv7dwh7j719j6z0hqd8qzcwp8-goreleaser-2.17.0",
              "default": true
            }
          ],
          "store_path": "/nix/store/2p4izvvrv7dwh7j719j6z0hqd8qzcwp8-goreleaser-2.17.0"
        },
        "aarch64-linux": {
          "outputs": [
            {
              "name": "out",
              "path": "/nix/store/58ngi2r4vvwpg0pligpr4v40ymvv6az7-goreleaser-2.17.0",
              "default": true
            }
          ],
          "store_path": "/nix/store/58ngi2r4vvwpg0pligpr4v40ymvv6az7-goreleaser-2.17.0"
        },
        "x86_64-darwin": {
          "outputs": [
            {
              "name": "out",
              "path": "/nix/store/l88l5jq35pw70jgd5q5vl73cs1p2iq9s-goreleaser-2.17.0",
              "default": true
            }
          ],
          "store_path": "/nix/store/l88l5jq35pw70jgd5q5vl73cs1p2iq9s-goreleaser-2.17.0"
        },
        "x86_64-linux": {
          "outputs": [
            {
              "name": "out",
              "path": "/nix/store/nf3ffks753i34s0bwdvhqgkgbq83xdgh-goreleaser-2.17.0",
              "default": true
            }
          ],
          "store_path": "/nix/store/nf3ffks753i34s0bwdvhqgkgbq83xdgh-goreleaser-2.17.0"
        }
      }
    },
    "govulncheck@latest": {
      "last_modified": "2026-07-11T07:21:12Z",
      "resolved": "github:NixOS/nixpkgs/770b9bbb84018993c8f009d437fff6c2e3077037#govulncheck",
      "source": "devbox-search",
      "version": "1.6.0",
      "systems": {
        "aarch64-darwin": {
          "outputs": [
            {
              "name": "out",
              "path": "/nix/store/y70ac1nc3p0va5b95n1jar3z6nl4w6a2-govulncheck-1.6.0",
              "default": true
            }
          ],
          "store_path": "/nix/store/y70ac1nc3p0va5b95n1jar3z6nl4w6a2-govulncheck-1.6.0"
        },
        "aarch64-linux": {
          "outputs": [
            {
              "name": "out",
              "path": "/nix/store/3irdknqp739y8wc4farhdz3xj93fdamk-govulncheck-1.6.0",
              "default": true
            }
          ],
          "store_path": "/nix/store/3irdknqp739y8wc4farhdz3xj93fdamk-govulncheck-1.6.0"
        },
        "x86_64-linux": {
          "outputs": [
            {
              "name": "out",
              "path": "/nix/store/wrjh9zhw6bl7h7ampn9x4ligvfv1022i-govulncheck-1.6.0",
              "default": true
            }
          ],
          "store_path": "/nix/store/wrjh9zhw6bl7h7ampn9x4ligvfv1022i-govulncheck-1.6.0"
        }
      }
    },
    "just-lsp@latest": {
      "last_modified": "2026-07-11T07:21:12Z",
      "resolved": "github:NixOS/nixpkgs/770b9bbb84018993c8f009d437fff6c2e3077037#just-lsp",
      "source": "devbox-search",
      "version": "0.4.8",
      "systems": {
        "aarch64-darwin": {
          "outputs": [
            {
              "name": "out",
              "path": "/nix/store/mm7didnqd5ayw0xpgn35fdbxhh92bk7l-just-lsp-0.4.8",
              "default": true
            }
          ],
          "store_path": "/nix/store/mm7didnqd5ayw0xpgn35fdbxhh92bk7l-just-lsp-0.4.8"
        },
        "aarch64-linux": {
          "outputs": [
            {
              "name": "out",
              "path": "/nix/store/vv6zw3kzxc30glfixyysgc54s7q9hc6k-just-lsp-0.4.8",
              "default": true
            }
          ],
          "store_path": "/nix/store/vv6zw3kzxc30glfixyysgc54s7q9hc6k-just-lsp-0.4.8"
        },
        "x86_64-linux": {
          "outputs": [
            {
              "name": "out",
              "path": "/nix/store/mkv9jpb29cvisbq2b3kma1nk718kyvi6-just-lsp-0.4.8",
              "default": true
            }
          ],
          "store_path": "/nix/store/mkv9jpb29cvisbq2b3kma1nk718kyvi6-just-lsp-0.4.8"
        }
      }
    },
    "just@latest": {
      "last_modified": "2026-07-14T18:49:32Z",
      "resolved": "github:NixOS/nixpkgs/3889d66586e664adc76aa5c242331d3d71786187#just",
      "source": "devbox-search",
      "version": "1.56.0",
      "systems": {
        "aarch64-darwin": {
          "outputs": [
            {
              "name": "out",
              "path": "/nix/store/lf6jqwr8y9kzbxh3f8bgr1rnq88q8l88-just-1.56.0",
              "default": true
            },
            {
              "name": "man",
              "path": "/nix/store/yxs77wyqk7f3aad0jg6i95pn44bcvbd0-just-1.56.0-man",
              "default": true
            },
            {
              "name": "doc",
              "path": "/nix/store/33skrm6br942nf2gqx8d4k95is0sdq1y-just-1.56.0-doc"
            }
          ],
          "store_path": "/nix/store/lf6jqwr8y9kzbxh3f8bgr1rnq88q8l88-just-1.56.0"
        },
        "aarch64-linux": {
          "outputs": [
            {
              "name": "out",
              "path": "/nix/store/5j2cz9f9hq8l0lyxd523c3dyz90qsq4f-just-1.56.0",
              "default": true
            },
            {
              "name": "man",
              "path": "/nix/store/fqdcg6lk5k1vs96n2qqnji4ygm2ykqhp-just-1.56.0-man",
              "default": true
            },
            {
              "name": "doc",
              "path": "/nix/store/6h2zipzg87jvld0w0bcaz9wp0gpipl2w-just-1.56.0-doc"
            }
          ],
          "store_path": "/nix/store/5j2cz9f9hq8l0lyxd523c3dyz90qsq4f-just-1.56.0"
        },
        "x86_64-linux": {
          "outputs": [
            {
              "name": "out",
              "path": "/nix/store/vz288y09gsn0l3057ylw2c5ab4wwmcpk-just-1.56.0",
              "default": true
            },
            {
              "name": "man",
              "path": "/nix/store/s41ap55sj4977d762rssy1cpw6nsmp74-just-1.56.0-man",
              "default": true
            },
            {
              "name": "doc",
              "path": "/nix/store/qv1qka7zb8521pykwf8xvh17p87rw43q-just-1.56.0-doc"
            }
          ],
          "store_path": "/nix/store/vz288y09gsn0l3057ylw2c5ab4wwmcpk-just-1.56.0"
        }
      }
    },
    "pulumi-bin@latest": {
      "last_modified": "2026-07-15T11:37:32Z",
      "resolved": "github:NixOS/nixpkgs/35d3407a3816f3b341d8cf1d60abaf2b7b8166ac#pulumi-bin",
      "source": "devbox-search",
      "version": "3.250.0",
      "systems": {
        "aarch64-darwin": {
          "outputs": [
            {
              "name": "out",
              "path": "/nix/store/p3hgah11i96b2j152drq1lnz841vbdyv-pulumi-3.250.0",
              "default": true
            }
          ],
          "store_path": "/nix/store/p3hgah11i96b2j152drq1lnz841vbdyv-pulumi-3.250.0"
        },
        "aarch64-linux": {
          "outputs": [
            {
              "name": "out",
              "path": "/nix/store/vj31q6cvnmsksljv4ay3h05glbx1gq94-pulumi-3.250.0",
              "default": true
            }
          ],
          "store_path": "/nix/store/vj31q6cvnmsksljv4ay3h05glbx1gq94-pulumi-3.250.0"
        },
        "x86_64-darwin": {
          "outputs": [
            {
              "name": "out",
              "path": "/nix/store/xzpkpaqixakrvggxkz7s5rk27ww220k8-pulumi-3.250.0",
              "default": true
            }
          ],
          "store_path": "/nix/store/xzpkpaqixakrvggxkz7s5rk27ww220k8-pulumi-3.250.0"
        },
        "x86_64-linux": {
          "outputs": [
            {
              "name": "out",
              "path": "/nix/store/lxd6r3m8caf4qgc69wrrmhq8wdr10z05-pulumi-3.250.0",
              "default": true
            }
          ],
          "store_path": "/nix/store/lxd6r3m8caf4qgc69wrrmhq8wdr10z05-pulumi-3.250.0"
        }
      }
    },
    "pulumictl@latest": {
      "last_modified": "2026-07-08T21:13:06Z",
      "resolved": "github:NixOS/nixpkgs/389ed85304b281ca7f306cf8a1eb4378651ca44e#pulumictl",
      "source": "devbox-search",
      "version": "0.0.50",
      "systems": {
        "aarch64-darwin": {
          "outputs": [
            {
              "name": "out",
              "path": "/nix/store/2rfcq2437jbp9ipacqz0yyk91l7mkhf3-pulumictl-0.0.50",
              "default": true
            }
          ],
          "store_path": "/nix/store/2rfcq2437jbp9ipacqz0yyk91l7mkhf3-pulumictl-0.0.50"
        },
        "aarch64-linux": {
          "outputs": [
            {
              "name": "out",
              "path": "/nix/store/0hppjgplzk1ndr5swyrdn3m7lqn819zi-pulumictl-0.0.50",
              "default": true
            }
          ],
          "store_path": "/nix/store/0hppjgplzk1ndr5swyrdn3m7lqn819zi-pulumictl-0.0.50"
        },
        "x86_64-darwin": {
          "outputs": [
            {
              "name": "out",
              "path": "/nix/store/k9s339l8mazpwb4psijpjx6r0v2nppaz-pulumictl-0.0.50",
              "default": true
            }
          ],
          "store_path": "/nix/store/k9s339l8mazpwb4psijpjx6r0v2nppaz-pulumictl-0.0.50"
        },
        "x86_64-linux": {
          "outputs": [
            {
              "name": "out",
              "path": "/nix/store/aqiwaxhhz4b5z1y1czq1gbdfjlb9zwx7-pulumictl-0.0.50",
              "default": true
            }
          ],
          "store_path": "/nix/store/aqiwaxhhz4b5z1y1czq1gbdfjlb9zwx7-pulumictl-0.0.50"
        }
      }
    }
  }
}
